{
  "lockfileVersion": 1,
  "workspaces": {
    "": {
      "name": "origo",
      "dependencies": {
        "@monaco-editor/react": "^4.6.0",
        "@prisma/client": "^5.19.0",
        "bcryptjs": "^2.4.3",
        "next": "^14.2.0",
        "next-auth": "^4.24.0",
        "node-cron": "^3.0.3",
        "react": "^18.3.0",
        "react-dom": "^18.3.0",
      },
      "devDependencies": {
        "@types/bcryptjs": "^2.4.6",
        "@types/node": "^20.14.0",
        "@types/node-cron": "^3.0.11",
        "@types/react": "^18.3.0",
        "@types/react-dom": "^18.3.0",
        "oxlint": "^0.9.0",
        "prisma": "^5.19.0",
        "typescript": "^5.5.0",
      },
    },
  },
  "packages": {
    "@babel/runtime": ["@babel/runtime@7.28.4", "", {}, "sha512-Q/N6JNWvIvPnLDvjlE1OUBLPQHH6l3CltCEsHIujp45zQUSSh8K+gHnaEX45yAT1nyngnINhvWtzN+Nb9D8RAQ=="],

    "@monaco-editor/loader": ["@monaco-editor/loader@1.6.1", "", { "dependencies": { "state-local": "^1.0.6" } }, "sha512-w3tEnj9HYEC73wtjdpR089AqkUPskFRcdkxsiSFt3SoUc3OHpmu+leP94CXBm4mHfefmhsdfI0ZQu6qJ0wgtPg=="],

    "@monaco-editor/react": ["@monaco-editor/react@4.7.0", "", { "dependencies": { "@monaco-editor/loader": "^1.5.0" }, "peerDependencies": { "monaco-editor": ">= 0.25.0 < 1", "react": "^16.8.0 || ^17.0.0 || ^18.0.0 || ^19.0.0", "react-dom": "^16.8.0 || ^17.0.0 || ^18.0.0 || ^19.0.0" } }, "sha512-cyzXQCtO47ydzxpQtCGSQGOC8Gk3ZUeBXFAxD+CWXYFo5OqZyZUonFl0DwUlTyAfRHntBfw2p3w4s9R6oe1eCA=="],

    "@next/env": ["@next/env@14.2.33", "", {}, "sha512-CgVHNZ1fRIlxkLhIX22flAZI/HmpDaZ8vwyJ/B0SDPTBuLZ1PJ+DWMjCHhqnExfmSQzA/PbZi8OAc7PAq2w9IA=="],

    "@next/swc-darwin-arm64": ["@next/swc-darwin-arm64@14.2.33", "", { "os": "darwin", "cpu": "arm64" }, "sha512-HqYnb6pxlsshoSTubdXKu15g3iivcbsMXg4bYpjL2iS/V6aQot+iyF4BUc2qA/J/n55YtvE4PHMKWBKGCF/+wA=="],

    "@next/swc-darwin-x64": ["@next/swc-darwin-x64@14.2.33", "", { "os": "darwin", "cpu": "x64" }, "sha512-8HGBeAE5rX3jzKvF593XTTFg3gxeU4f+UWnswa6JPhzaR6+zblO5+fjltJWIZc4aUalqTclvN2QtTC37LxvZAA=="],

    "@next/swc-linux-arm64-gnu": ["@next/swc-linux-arm64-gnu@14.2.33", "", { "os": "linux", "cpu": "arm64" }, "sha512-JXMBka6lNNmqbkvcTtaX8Gu5by9547bukHQvPoLe9VRBx1gHwzf5tdt4AaezW85HAB3pikcvyqBToRTDA4DeLw=="],

    "@next/swc-linux-arm64-musl": ["@next/swc-linux-arm64-musl@14.2.33", "", { "os": "linux", "cpu": "arm64" }, "sha512-Bm+QulsAItD/x6Ih8wGIMfRJy4G73tu1HJsrccPW6AfqdZd0Sfm5Imhgkgq2+kly065rYMnCOxTBvmvFY1BKfg=="],

    "@next/swc-linux-x64-gnu": ["@next/swc-linux-x64-gnu@14.2.33", "", { "os": "linux", "cpu": "x64" }, "sha512-FnFn+ZBgsVMbGDsTqo8zsnRzydvsGV8vfiWwUo1LD8FTmPTdV+otGSWKc4LJec0oSexFnCYVO4hX8P8qQKaSlg=="],

    "@next/swc-linux-x64-musl": ["@next/swc-linux-x64-musl@14.2.33", "", { "os": "linux", "cpu": "x64" }, "sha512-345tsIWMzoXaQndUTDv1qypDRiebFxGYx9pYkhwY4hBRaOLt8UGfiWKr9FSSHs25dFIf8ZqIFaPdy5MljdoawA=="],

    "@next/swc-win32-arm64-msvc": ["@next/swc-win32-arm64-msvc@14.2.33", "", { "os": "win32", "cpu": "arm64" }, "sha512-nscpt0G6UCTkrT2ppnJnFsYbPDQwmum4GNXYTeoTIdsmMydSKFz9Iny2jpaRupTb+Wl298+Rh82WKzt9LCcqSQ=="],

    "@next/swc-win32-ia32-msvc": ["@next/swc-win32-ia32-msvc@14.2.33", "", { "os": "win32", "cpu": "ia32" }, "sha512-pc9LpGNKhJ0dXQhZ5QMmYxtARwwmWLpeocFmVG5Z0DzWq5Uf0izcI8tLc+qOpqxO1PWqZ5A7J1blrUIKrIFc7Q=="],

    "@next/swc-win32-x64-msvc": ["@next/swc-win32-x64-msvc@14.2.33", "", { "os": "win32", "cpu": "x64" }, "sha512-nOjfZMy8B94MdisuzZo9/57xuFVLHJaDj5e/xrduJp9CV2/HrfxTRH2fbyLe+K9QT41WBLUd4iXX3R7jBp0EUg=="],

    "@oxlint/darwin-arm64": ["@oxlint/darwin-arm64@0.9.10", "", { "os": "darwin", "cpu": "arm64" }, "sha512-eOXKZYq5bnCSgDefgM5bzAg+4Fc//Rc4yjgKN8iDWUARweCaChiQXb6TXX8MfEfs6qayEMy6yVj0pqoFz0B1aw=="],

    "@oxlint/darwin-x64": ["@oxlint/darwin-x64@0.9.10", "", { "os": "darwin", "cpu": "x64" }, "sha512-UeYICDvLUaUOcY+0ugZUEmBMRLP+x8iTgL7TeY6BlpGw2ahbtUOTbyIIRWtr/0O++TnjZ+v8TzhJ9crw6Ij6dg=="],

    "@oxlint/linux-arm64-gnu": ["@oxlint/linux-arm64-gnu@0.9.10", "", { "os": "linux", "cpu": "arm64" }, "sha512-0Zn+vqHhrZyufFBfq9WOgiIool0gCR14BLsdS+0Dwd9o+kNxPGA5q7erQFkiC4rpkxtfBHeD3iIKMMt7d29Kyw=="],

    "@oxlint/linux-arm64-musl": ["@oxlint/linux-arm64-musl@0.9.10", "", { "os": "linux", "cpu": "arm64" }, "sha512-tkQcWpYwF42bA/uRaV2iMFePHkBjTTgomOgeEaiw6XOSJX4nBEqGIIboqqLBWT4JnKCf/L+IG3y/e1MflhKByw=="],

    "@oxlint/linux-x64-gnu": ["@oxlint/linux-x64-gnu@0.9.10", "", { "os": "linux", "cpu": "x64" }, "sha512-JHbkMUnibqaSMBvLHyqTL5cWxcGW+jw+Ppt2baLISpvo34a6fBR+PI7v/A92sEDWe0W1rPhypzCwA8mKpkQ3DA=="],

    "@oxlint/linux-x64-musl": ["@oxlint/linux-x64-musl@0.9.10", "", { "os": "linux", "cpu": "x64" }, "sha512-aBBwN7bQzidwHwEXr7BAdVvMTLWstCy5gikerjLnGDeCSXX9r+o6+yUzTOqZvOo66E+XBgOJaVbY8rsL1MLE0g=="],

    "@oxlint/win32-arm64": ["@oxlint/win32-arm64@0.9.10", "", { "os": "win32", "cpu": "arm64" }, "sha512-LXDnk7vKHT3IY6G1jq0O7+XMhtcHOYuxLGIx4KP+4xS6vKgBY+Bsq4xV3AtmtKlvnXkP5FxHpfLmcEtm5AWysA=="],

    "@oxlint/win32-x64": ["@oxlint/win32-x64@0.9.10", "", { "os": "win32", "cpu": "x64" }, "sha512-w5XRAV4bhgwenjjpGYZGglqzG9Wv/sI+cjQWJBQsvfDXsr2w4vOBXzt1j3/Z3EcSqf4KtkCa/IIuAhQyeShUbA=="],

    "@panva/hkdf": ["@panva/hkdf@1.2.1", "", {}, "sha512-6oclG6Y3PiDFcoyk8srjLfVKyMfVCKJ27JwNPViuXziFpmdz+MZnZN/aKY0JGXgYuO/VghU0jcOAZgWXZ1Dmrw=="],

    "@prisma/client": ["@prisma/client@5.22.0", "", { "peerDependencies": { "prisma": "*" }, "optionalPeers": ["prisma"] }, "sha512-M0SVXfyHnQREBKxCgyo7sffrKttwE6R8PMq330MIUF0pTwjUhLbW84pFDlf06B27XyCR++VtjugEnIHdr07SVA=="],

    "@prisma/debug": ["@prisma/debug@5.22.0", "", {}, "sha512-AUt44v3YJeggO2ZU5BkXI7M4hu9BF2zzH2iF2V5pyXT/lRTyWiElZ7It+bRH1EshoMRxHgpYg4VB6rCM+mG5jQ=="],

    "@prisma/engines": ["@prisma/engines@5.22.0", "", { "dependencies": { "@prisma/debug": "5.22.0", "@prisma/engines-version": "5.22.0-44.605197351a3c8bdd595af2d2a9bc3025bca48ea2", "@prisma/fetch-engine": "5.22.0", "@prisma/get-platform": "5.22.0" } }, "sha512-UNjfslWhAt06kVL3CjkuYpHAWSO6L4kDCVPegV6itt7nD1kSJavd3vhgAEhjglLJJKEdJ7oIqDJ+yHk6qO8gPA=="],

    "@prisma/engines-version": ["@prisma/engines-version@5.22.0-44.605197351a3c8bdd595af2d2a9bc3025bca48ea2", "", {}, "sha512-2PTmxFR2yHW/eB3uqWtcgRcgAbG1rwG9ZriSvQw+nnb7c4uCr3RAcGMb6/zfE88SKlC1Nj2ziUvc96Z379mHgQ=="],

    "@prisma/fetch-engine": ["@prisma/fetch-engine@5.22.0", "", { "dependencies": { "@prisma/debug": "5.22.0", "@prisma/engines-version": "5.22.0-44.605197351a3c8bdd595af2d2a9bc3025bca48ea2", "@prisma/get-platform": "5.22.0" } }, "sha512-bkrD/Mc2fSvkQBV5EpoFcZ87AvOgDxbG99488a5cexp5Ccny+UM6MAe/UFkUC0wLYD9+9befNOqGiIJhhq+HbA=="],

    "@prisma/get-platform": ["@prisma/get-platform@5.22.0", "", { "dependencies": { "@prisma/debug": "5.22.0" } }, "sha512-pHhpQdr1UPFpt+zFfnPazhulaZYCUqeIcPpJViYoq9R+D/yw4fjE+CtnsnKzPYm0ddUbeXUzjGVGIRVgPDCk4Q=="],

    "@swc/counter": ["@swc/counter@0.1.3", "", {}, "sha512-e2BR4lsJkkRlKZ/qCHPw9ZaSxc0MVUd7gtbtaB7aMvHeJVYe8sOB8DBZkP2DtISHGSku9sCK6T6cnY0CtXrOCQ=="],

    "@swc/helpers": ["@swc/helpers@0.5.5", "", { "dependencies": { "@swc/counter": "^0.1.3", "tslib": "^2.4.0" } }, "sha512-KGYxvIOXcceOAbEk4bi/dVLEK9z8sZ0uBB3Il5b1rhfClSpcX0yfRO0KmTkqR2cnQDymwLB+25ZyMzICg/cm/A=="],

    "@types/bcryptjs": ["@types/bcryptjs@2.4.6", "", {}, "sha512-9xlo6R2qDs5uixm0bcIqCeMCE6HiQsIyel9KQySStiyqNl2tnj2mP3DX1Nf56MD6KMenNNlBBsy3LJ7gUEQPXQ=="],

    "@types/node": ["@types/node@20.19.24", "", { "dependencies": { "undici-types": "~6.21.0" } }, "sha512-FE5u0ezmi6y9OZEzlJfg37mqqf6ZDSF2V/NLjUyGrR9uTZ7Sb9F7bLNZ03S4XVUNRWGA7Ck4c1kK+YnuWjl+DA=="],

    "@types/node-cron": ["@types/node-cron@3.0.11", "", {}, "sha512-0ikrnug3/IyneSHqCBeslAhlK2aBfYek1fGo4bP4QnZPmiqSGRK+Oy7ZMisLWkesffJvQ1cqAcBnJC+8+nxIAg=="],

    "@types/prop-types": ["@types/prop-types@15.7.15", "", {}, "sha512-F6bEyamV9jKGAFBEmlQnesRPGOQqS2+Uwi0Em15xenOxHaf2hv6L8YCVn3rPdPJOiJfPiCnLIRyvwVaqMY3MIw=="],

    "@types/react": ["@types/react@18.3.26", "", { "dependencies": { "@types/prop-types": "*", "csstype": "^3.0.2" } }, "sha512-RFA/bURkcKzx/X9oumPG9Vp3D3JUgus/d0b67KB0t5S/raciymilkOa66olh78MUI92QLbEJevO7rvqU/kjwKA=="],

    "@types/react-dom": ["@types/react-dom@18.3.7", "", { "peerDependencies": { "@types/react": "^18.0.0" } }, "sha512-MEe3UeoENYVFXzoXEWsvcpg6ZvlrFNlOQ7EOsvhI3CfAXwzPfO8Qwuxd40nepsYKqyyVQnTdEfv68q91yLcKrQ=="],

    "bcryptjs": ["bcryptjs@2.4.3", "", {}, "sha512-V/Hy/X9Vt7f3BbPJEi8BdVFMByHi+jNXrYkW3huaybV/kQ0KJg0Y6PkEMbn+zeT+i+SiKZ/HMqJGIIt4LZDqNQ=="],

    "busboy": ["busboy@1.6.0", "", { "dependencies": { "streamsearch": "^1.1.0" } }, "sha512-8SFQbg/0hQ9xy3UNTB0YEnsNBbWfhf7RtnzpL7TkBiTBRfrQ9Fxcnz7VJsleJpyp6rVLvXiuORqjlHi5q+PYuA=="],

    "caniuse-lite": ["caniuse-lite@1.0.30001752", "", {}, "sha512-vKUk7beoukxE47P5gcVNKkDRzXdVofotshHwfR9vmpeFKxmI5PBpgOMC18LUJUA/DvJ70Y7RveasIBraqsyO/g=="],

    "client-only": ["client-only@0.0.1", "", {}, "sha512-IV3Ou0jSMzZrd3pZ48nLkT9DA7Ag1pnPzaiQhpW7c3RbcqqzvzzVu+L8gfqMp/8IM2MQtSiqaCxrrcfu8I8rMA=="],

    "cookie": ["cookie@0.7.2", "", {}, "sha512-yki5XnKuf750l50uGTllt6kKILY4nQ1eNIQatoXEByZ5dWgnKqbnqmTrBE5B4N7lrMJKQ2ytWMiTO2o0v6Ew/w=="],

    "csstype": ["csstype@3.1.3", "", {}, "sha512-M1uQkMl8rQK/szD0LNhtqxIPLpimGm8sOBwU7lLnCpSbTyY3yeU1Vc7l4KT5zT4s/yOxHH5O7tIuuLOCnLADRw=="],

    "dompurify": ["dompurify@3.1.7", "", {}, "sha512-VaTstWtsneJY8xzy7DekmYWEOZcmzIe3Qb3zPd4STve1OBTa+e+WmS1ITQec1fZYXI3HCsOZZiSMpG6oxoWMWQ=="],

    "fsevents": ["fsevents@2.3.3", "", { "os": "darwin" }, "sha512-5xoDfX+fL7faATnagmWPpbFtwh/R77WmMMqqHGS65C3vvB0YHrgF+B1YmZ3441tMj5n63k0212XNoJwzlhffQw=="],

    "graceful-fs": ["graceful-fs@4.2.11", "", {}, "sha512-RbJ5/jmFcNNCcDV5o9eTnBLJ/HszWV0P73bc+Ff4nS/rJj+YaS6IGyiOL0VoBYX+l1Wrl3k63h/KrH+nhJ0XvQ=="],

    "jose": ["jose@4.15.9", "", {}, "sha512-1vUQX+IdDMVPj4k8kOxgUqlcK518yluMuGZwqlr44FS1ppZB/5GWh4rZG89erpOBOJjU/OBsnCVFfapsRz6nEA=="],

    "js-tokens": ["js-tokens@4.0.0", "", {}, "sha512-RdJUflcE3cUzKiMqQgsCu06FPu9UdIJO0beYbPhHN4k6apgJtifcoCtT9bcxOpYBtpD2kCM6Sbzg4CausW/PKQ=="],

    "loose-envify": ["loose-envify@1.4.0", "", { "dependencies": { "js-tokens": "^3.0.0 || ^4.0.0" }, "bin": { "loose-envify": "cli.js" } }, "sha512-lyuxPGr/Wfhrlem2CL/UcnUc1zcqKAImBDzukY7Y5F/yQiNdko6+fRLevlw1HgMySw7f611UIY408EtxRSoK3Q=="],

    "lru-cache": ["lru-cache@6.0.0", "", { "dependencies": { "yallist": "^4.0.0" } }, "sha512-Jo6dJ04CmSjuznwJSS3pUeWmd/H0ffTlkXXgwZi+eq1UCmqQwCh+eLsYOYCwY991i2Fah4h1BEMCx4qThGbsiA=="],

    "marked": ["marked@14.0.0", "", { "bin": { "marked": "bin/marked.js" } }, "sha512-uIj4+faQ+MgHgwUW1l2PsPglZLOLOT1uErt06dAPtx2kjteLAkbsd/0FiYg/MGS+i7ZKLb7w2WClxHkzOOuryQ=="],

    "monaco-editor": ["monaco-editor@0.54.0", "", { "dependencies": { "dompurify": "3.1.7", "marked": "14.0.0" } }, "sha512-hx45SEUoLatgWxHKCmlLJH81xBo0uXP4sRkESUpmDQevfi+e7K1VuiSprK6UpQ8u4zOcKNiH0pMvHvlMWA/4cw=="],

    "nanoid": ["nanoid@3.3.11", "", { "bin": { "nanoid": "bin/nanoid.cjs" } }, "sha512-N8SpfPUnUp1bK+PMYW8qSWdl9U+wwNWI4QKxOYDy9JAro3WMX7p2OeVRF9v+347pnakNevPmiHhNmZ2HbFA76w=="],

    "next": ["next@14.2.33", "", { "dependencies": { "@next/env": "14.2.33", "@swc/helpers": "0.5.5", "busboy": "1.6.0", "caniuse-lite": "^1.0.30001579", "graceful-fs": "^4.2.11", "postcss": "8.4.31", "styled-jsx": "5.1.1" }, "optionalDependencies": { "@next/swc-darwin-arm64": "14.2.33", "@next/swc-darwin-x64": "14.2.33", "@next/swc-linux-arm64-gnu": "14.2.33", "@next/swc-linux-arm64-musl": "14.2.33", "@next/swc-linux-x64-gnu": "14.2.33", "@next/swc-linux-x64-musl": "14.2.33", "@next/swc-win32-arm64-msvc": "14.2.33", "@next/swc-win32-ia32-msvc": "14.2.33", "@next/swc-win32-x64-msvc": "14.2.33" }, "peerDependencies": { "@opentelemetry/api": "^1.1.0", "@playwright/test": "^1.41.2", "react": "^18.2.0", "react-dom": "^18.2.0", "sass": "^1.3.0" }, "optionalPeers": ["@opentelemetry/api", "@playwright/test", "sass"], "bin": { "next": "dist/bin/next" } }, "sha512-GiKHLsD00t4ACm1p00VgrI0rUFAC9cRDGReKyERlM57aeEZkOQGcZTpIbsGn0b562FTPJWmYfKwplfO9EaT6ng=="],

    "next-auth": ["next-auth@4.24.13", "", { "dependencies": { "@babel/runtime": "^7.20.13", "@panva/hkdf": "^1.0.2", "cookie": "^0.7.0", "jose": "^4.15.5", "oauth": "^0.9.15", "openid-client": "^5.4.0", "preact": "^10.6.3", "preact-render-to-string": "^5.1.19", "uuid": "^8.3.2" }, "peerDependencies": { "@auth/core": "0.34.3", "next": "^12.2.5 || ^13 || ^14 || ^15 || ^16", "nodemailer": "^7.0.7", "react": "^17.0.2 || ^18 || ^19", "react-dom": "^17.0.2 || ^18 || ^19" }, "optionalPeers": ["@auth/core", "nodemailer"] }, "sha512-sgObCfcfL7BzIK76SS5TnQtc3yo2Oifp/yIpfv6fMfeBOiBJkDWF3A2y9+yqnmJ4JKc2C+nMjSjmgDeTwgN1rQ=="],

    "node-cron": ["node-cron@3.0.3", "", { "dependencies": { "uuid": "8.3.2" } }, "sha512-dOal67//nohNgYWb+nWmg5dkFdIwDm8EpeGYMekPMrngV3637lqnX0lbUcCtgibHTz6SEz7DAIjKvKDFYCnO1A=="],

    "oauth": ["oauth@0.9.15", "", {}, "sha512-a5ERWK1kh38ExDEfoO6qUHJb32rd7aYmPHuyCu3Fta/cnICvYmgd2uhuKXvPD+PXB+gCEYYEaQdIRAjCOwAKNA=="],

    "object-hash": ["object-hash@2.2.0", "", {}, "sha512-gScRMn0bS5fH+IuwyIFgnh9zBdo4DV+6GhygmWM9HyNJSgS0hScp1f5vjtm7oIIOiT9trXrShAkLFSc2IqKNgw=="],

    "oidc-token-hash": ["oidc-token-hash@5.1.1", "", {}, "sha512-D7EmwxJV6DsEB6vOFLrBM2OzsVgQzgPWyHlV2OOAVj772n+WTXpudC9e9u5BVKQnYwaD30Ivhi9b+4UeBcGu9g=="],

    "openid-client": ["openid-client@5.7.1", "", { "dependencies": { "jose": "^4.15.9", "lru-cache": "^6.0.0", "object-hash": "^2.2.0", "oidc-token-hash": "^5.0.3" } }, "sha512-jDBPgSVfTnkIh71Hg9pRvtJc6wTwqjRkN88+gCFtYWrlP4Yx2Dsrow8uPi3qLr/aeymPF3o2+dS+wOpglK04ew=="],

    "oxlint": ["oxlint@0.9.10", "", { "optionalDependencies": { "@oxlint/darwin-arm64": "0.9.10", "@oxlint/darwin-x64": "0.9.10", "@oxlint/linux-arm64-gnu": "0.9.10", "@oxlint/linux-arm64-musl": "0.9.10", "@oxlint/linux-x64-gnu": "0.9.10", "@oxlint/linux-x64-musl": "0.9.10", "@oxlint/win32-arm64": "0.9.10", "@oxlint/win32-x64": "0.9.10" }, "bin": { "oxlint": "bin/oxlint", "oxc_language_server": "bin/oxc_language_server" } }, "sha512-bKiiFN7Hnoaist/rditTRBXz+GXKYuLd53/NB7Q6zHB/bifELJarSoRLkAUGElIJKl4PSr3lTh1g6zehh+rX0g=="],

    "picocolors": ["picocolors@1.1.1", "", {}, "sha512-xceH2snhtb5M9liqDsmEw56le376mTZkEX/jEb/RxNFyegNul7eNslCXP9FDj/Lcu0X8KEyMceP2ntpaHrDEVA=="],

    "postcss": ["postcss@8.4.31", "", { "dependencies": { "nanoid": "^3.3.6", "picocolors": "^1.0.0", "source-map-js": "^1.0.2" } }, "sha512-PS08Iboia9mts/2ygV3eLpY5ghnUcfLV/EXTOW1E2qYxJKGGBUtNjN76FYHnMs36RmARn41bC0AZmn+rR0OVpQ=="],

    "preact": ["preact@10.27.2", "", {}, "sha512-5SYSgFKSyhCbk6SrXyMpqjb5+MQBgfvEKE/OC+PujcY34sOpqtr+0AZQtPYx5IA6VxynQ7rUPCtKzyovpj9Bpg=="],

    "preact-render-to-string": ["preact-render-to-string@5.2.6", "", { "dependencies": { "pretty-format": "^3.8.0" }, "peerDependencies": { "preact": ">=10" } }, "sha512-JyhErpYOvBV1hEPwIxc/fHWXPfnEGdRKxc8gFdAZ7XV4tlzyzG847XAyEZqoDnynP88akM4eaHcSOzNcLWFguw=="],

    "pretty-format": ["pretty-format@3.8.0", "", {}, "sha512-WuxUnVtlWL1OfZFQFuqvnvs6MiAGk9UNsBostyBOB0Is9wb5uRESevA6rnl/rkksXaGX3GzZhPup5d6Vp1nFew=="],

    "prisma": ["prisma@5.22.0", "", { "dependencies": { "@prisma/engines": "5.22.0" }, "optionalDependencies": { "fsevents": "2.3.3" }, "bin": { "prisma": "build/index.js" } }, "sha512-vtpjW3XuYCSnMsNVBjLMNkTj6OZbudcPPTPYHqX0CJfpcdWciI1dM8uHETwmDxxiqEwCIE6WvXucWUetJgfu/A=="],

    "react": ["react@18.3.1", "", { "dependencies": { "loose-envify": "^1.1.0" } }, "sha512-wS+hAgJShR0KhEvPJArfuPVN1+Hz1t0Y6n5jLrGQbkb4urgPE/0Rve+1kMB1v/oWgHgm4WIcV+i7F2pTVj+2iQ=="],

    "react-dom": ["react-dom@18.3.1", "", { "dependencies": { "loose-envify": "^1.1.0", "scheduler": "^0.23.2" }, "peerDependencies": { "react": "^18.3.1" } }, "sha512-5m4nQKp+rZRb09LNH59GM4BxTh9251/ylbKIbpe7TpGxfJ+9kv6BLkLBXIjjspbgbnIBNqlI23tRnTWT0snUIw=="],

    "scheduler": ["scheduler@0.23.2", "", { "dependencies": { "loose-envify": "^1.1.0" } }, "sha512-UOShsPwz7NrMUqhR6t0hWjFduvOzbtv7toDH1/hIrfRNIDBnnBWd0CwJTGvTpngVlmwGCdP9/Zl/tVrDqcuYzQ=="],

    "source-map-js": ["source-map-js@1.2.1", "", {}, "sha512-UXWMKhLOwVKb728IUtQPXxfYU+usdybtUrK/8uGE8CQMvrhOpwvzDBwj0QhSL7MQc7vIsISBG8VQ8+IDQxpfQA=="],

    "state-local": ["state-local@1.0.7", "", {}, "sha512-HTEHMNieakEnoe33shBYcZ7NX83ACUjCu8c40iOGEZsngj9zRnkqS9j1pqQPXwobB0ZcVTk27REb7COQ0UR59w=="],

    "streamsearch": ["streamsearch@1.1.0", "", {}, "sha512-Mcc5wHehp9aXz1ax6bZUyY5afg9u2rv5cqQI3mRrYkGC8rW2hM02jWuwjtL++LS5qinSyhj2QfLyNsuc+VsExg=="],

    "styled-jsx": ["styled-jsx@5.1.1", "", { "dependencies": { "client-only": "0.0.1" }, "peerDependencies": { "react": ">= 16.8.0 || 17.x.x || ^18.0.0-0" } }, "sha512-pW7uC1l4mBZ8ugbiZrcIsiIvVx1UmTfw7UkC3Um2tmfUq9Bhk8IiyEIPl6F8agHgjzku6j0xQEZbfA5uSgSaCw=="],

    "tslib": ["tslib@2.8.1", "", {}, "sha512-oJFu94HQb+KVduSUQL7wnpmqnfmLsOA/nAh6b6EH0wCEoK0/mPeXU6c3wKDV83MkOuHPRHtSXKKU99IBazS/2w=="],

    "typescript": ["typescript@5.9.3", "", { "bin": { "tsc": "bin/tsc", "tsserver": "bin/tsserver" } }, "sha512-jl1vZzPDinLr9eUt3J/t7V6FgNEw9QjvBPdysz9KfQDD41fQrC2Y4vKQdiaUpFT4bXlb1RHhLpp8wtm6M5TgSw=="],

    "undici-types": ["undici-types@6.21.0", "", {}, "sha512-iwDZqg0QAGrg9Rav5H4n0M64c3mkR59cJ6wQp+7C4nI0gsmExaedaYLNO44eT4AtBBwjbTiGPMlt2Md0T9H9JQ=="],

    "uuid": ["uuid@8.3.2", "", { "bin": { "uuid": "dist/bin/uuid" } }, "sha512-+NYs2QeMWy+GWFOEm9xnn6HCDp0l7QBD7ml8zLUmJ+93Q5NF0NocErnwkTkXVFNiX3/fpC6afS8Dhb/gz7R7eg=="],

    "yallist": ["yallist@4.0.0", "", {}, "sha512-3wdGidZyq5PB084XLES5TpOSRA3wjXAlIWMhum2kRcv/41Sn2emQ0dycQW4uZXLejwKvg6EsvbdlVL+FYEct7A=="],
  }
}
